<Solution>
  <Folder Name="/App/" />
  <Folder Name="/Plugins/">
    <Project Path="plugins/Flow.BuiltIn.ControlStatements/Flow.BuiltIn.ControlStatements.csproj" />
    <Project Path="plugins/Flow.BuiltIn.Nodes/Flow.BuiltIn.Nodes.csproj" />
  </Folder>
  <Folder Name="/SDK/">
    <Project Path="sdk/Flow.SDK.Generators/Flow.SDK.Generators.csproj" />
    <Project Path="sdk/Flow.SDK/Flow.SDK.csproj" />
  </Folder>
  <Folder Name="/Tests/">
    <Project Path="tests/Flow.Tests.FeasibilityTest/Flow.Tests.FeasibilityTest.csproj" />
    <Project Path="tests/Flow.Tests.GeneratingTest/Flow.Tests.GenerationTest.csproj" />
    <Project Path="tests/Flow.Tests.UnitTests/Flow.Tests.UnitTests.csproj" />
  </Folder>
  <Project Path="src/Flow.Automation/Flow.Automation.csproj" />
  <Project Path="src/Flow.Core/Flow.Core.csproj" />
  <Project Path="src/Flow.Shared/Flow.Shared.csproj" />
</Solution>
