<Solution>
  <Folder Name="/App/" />
  <Folder Name="/Plugins/">
    <Project Path="plugins/Flow.BuiltIn/Flow.BuiltIn.csproj" Id="0a4c61cc-53f1-4597-a4d0-08e531a2f543" />
    <Project Path="plugins/Flow.Extensions/Flow.Extensions.csproj" Id="ef0d6175-975f-4dbc-af35-acf0854874fb" />
  </Folder>
  <Folder Name="/SDK/">
    <Project Path="sdk/Flow.SDK.Generators/Flow.SDK.Generators.csproj" />
    <Project Path="sdk/Flow.SDK/Flow.SDK.csproj" />
  </Folder>
  <Folder Name="/Tests/">
    <Project Path="tests/Flow.Tests.FeasibilityTest/Flow.Tests.FeasibilityTest.csproj" />
    <Project Path="tests/Flow.Tests.GeneratingTest/Flow.Tests.GenerationTest.csproj" />
    <Project Path="tests/Flow.UnitTests/Flow.UnitTests.csproj" Id="e26874f8-c037-415d-ab77-440e1394c88e" />
  </Folder>
  <Project Path="src/Flow.Automation/Flow.Automation.csproj" />
  <Project Path="src/Flow.Core/Flow.Core.csproj" />
  <Project Path="src/Flow.Shared/Flow.Shared.csproj" />
</Solution>
