<Solution>
  <Folder Name="/app/">
    <Project Path="clients/Flow.App.Shared/Flow.App.Shared.csproj" />
    <Project Path="src/Flow.Automation/Flow.Automation.csproj" />
  </Folder>
  <Folder Name="/engine/">
    <Project Path="src/Flow.Core/Flow.Core.csproj" />
  </Folder>
  <Folder Name="/plugins/" />
  <Folder Name="/plugins/AppPlugins/" />
  <Folder Name="/plugins/Dependencies/">
    <Project Path="plugins/Flow.BuiltIn/Flow.BuiltIn.csproj" />
    <Project Path="plugins/Flow.Extensions/Flow.Extensions.csproj" />
  </Folder>
  <Folder Name="/sdk/" />
  <Folder Name="/sdk/App/">
    <Project Path="sdk/Flow.SDK.App/Flow.SDK.App.csproj" />
  </Folder>
  <Folder Name="/sdk/Engine/">
    <Project Path="sdk/Flow.SDK.Generators/Flow.SDK.Generators.csproj" />
    <Project Path="sdk/Flow.SDK/Flow.SDK.csproj" />
  </Folder>
  <Folder Name="/Solution Items/">
    <File Path=".gitignore" />
    <File Path="global.json" />
    <File Path="LICENSE" />
    <File Path="README.md" />
  </Folder>
  <Folder Name="/tests/">
    <Project Path="tests/Flow.Tests.FeasibilityTest/Flow.Tests.FeasibilityTest.csproj" />
    <Project Path="tests/Flow.Tests.GeneratingTest/Flow.Tests.GenerationTest.csproj" />
    <Project Path="tests/Flow.UnitTests/Flow.UnitTests.csproj" />
  </Folder>
  <Project Path="src/Flow.Shared/Flow.Shared.csproj" />
</Solution>
